
Microsoft Visual Studio Solution File, Format Version 12.00
# Visual Studio Version 16
VisualStudioVersion = 16.0.29009.5
MinimumVisualStudioVersion = 10.0.40219.1
Project("{FAE04EC0-301F-11D3-BF4B-00C04F79EFBC}") = "LibreriaMVC", "LibreriaMVC\LibreriaMVC.csproj", "{DEA3D5A9-8CD5-4788-8C20-E32E30BF711D}"
EndProject
Global
	GlobalSection(SolutionConfigurationPlatforms) = preSolution
		Debug|Any CPU = Debug|Any CPU
		Release|Any CPU = Release|Any CPU
	EndGlobalSection
	GlobalSection(ProjectConfigurationPlatforms) = postSolution
		{DEA3D5A9-8CD5-4788-8C20-E32E30BF711D}.Debug|Any CPU.ActiveCfg = Debug|Any CPU
		{DEA3D5A9-8CD5-4788-8C20-E32E30BF711D}.Debug|Any CPU.Build.0 = Debug|Any CPU
		{DEA3D5A9-8CD5-4788-8C20-E32E30BF711D}.Release|Any CPU.ActiveCfg = Release|Any CPU
		{DEA3D5A9-8CD5-4788-8C20-E32E30BF711D}.Release|Any CPU.Build.0 = Release|Any CPU
	EndGlobalSection
	GlobalSection(SolutionProperties) = preSolution
		HideSolutionNode = FALSE
	EndGlobalSection
	GlobalSection(ExtensibilityGlobals) = postSolution
		SolutionGuid = {1F331B08-E142-4F07-BB92-5F3D5EF482E8}
	EndGlobalSection
EndGlobal
